# This file is automatically @generated by Cargo.
# It is not intended for manual editing.
version = 3

[[package]]
name = "sigma-core"
version = "0.1.0"

[[package]]
name = "sigma-protocol"
version = "0.1.0"
dependencies = [
 "sigma-core",
]

[[package]]
name = "sigma-server"
version = "0.1.0"
dependencies = [
 "sigma-core",
 "sigma-protocol",
]
